
Microsoft Visual Studio Solution File, Format Version 12.00
# Visual Studio Version 16
VisualStudioVersion = 16.0.28922.388
MinimumVisualStudioVersion = 10.0.40219.1
Project("{FAE04EC0-301F-11D3-BF4B-00C04F79EFBC}") = "Taschenrechner", "Taschenrechner\Taschenrechner.csproj", "{58F5964F-E30C-421B-A00C-48676FDF3C49}"
EndProject
Global
	GlobalSection(SolutionConfigurationPlatforms) = preSolution
		Debug|Any CPU = Debug|Any CPU
		Release|Any CPU = Release|Any CPU
	EndGlobalSection
	GlobalSection(ProjectConfigurationPlatforms) = postSolution
		{58F5964F-E30C-421B-A00C-48676FDF3C49}.Debug|Any CPU.ActiveCfg = Debug|Any CPU
		{58F5964F-E30C-421B-A00C-48676FDF3C49}.Debug|Any CPU.Build.0 = Debug|Any CPU
		{58F5964F-E30C-421B-A00C-48676FDF3C49}.Release|Any CPU.ActiveCfg = Release|Any CPU
		{58F5964F-E30C-421B-A00C-48676FDF3C49}.Release|Any CPU.Build.0 = Release|Any CPU
	EndGlobalSection
	GlobalSection(SolutionProperties) = preSolution
		HideSolutionNode = FALSE
	EndGlobalSection
	GlobalSection(ExtensibilityGlobals) = postSolution
		SolutionGuid = {5EEFA243-A3CE-4EA8-82FB-CD6B6A099CD0}
	EndGlobalSection
EndGlobal
